FRAMEWORK: NET46
NUGET
  remote: https://www.nuget.org/api/v2
    Destructurama.FSharp (1.0.14)
      Serilog (>= 1.4.204)
    FAKE (4.52)
    FSharp.Control.AsyncSeq (2.0.11)
    FSharp.Core (4.1)
      System.ValueTuple (>= 4.3)
    Newtonsoft.Json (9.0.1)
    Newtonsoft.Json.Schema (2.0.8)
      Newtonsoft.Json (>= 9.0.1)
    NodaTime (1.3.2)
    Serilog (2.4)
    Serilog.Extras.FSharp (2.0)
      Destructurama.FSharp (>= 1.0)
    Serilog.Sinks.Async (1.0.1)
      Serilog (>= 2.1)
    Serilog.Sinks.ColoredConsole (2.0)
      Serilog (>= 2.0)
    Serilog.Sinks.File (3.2)
      Serilog (>= 2.3)
    SqlStreamStore (0.7.1)
    Suave (2.0.4)
      FSharp.Core (>= 4.0.0.1)
    System.ValueTuple (4.3)
